// !$*UTF8*$!
{
	archiveVersion = 1;
	classes = {
	};
	objectVersion = 46;
	objects = {

/* Begin PBXBuildFile section */
		2A187CE81AECF24000B457FD /* NSBundle+TechD.m in Sources */ = {isa = PBXBuildFile; fileRef = 2A187CCF1AECF23F00B457FD /* NSBundle+TechD.m */; };
		2A187CE91AECF24000B457FD /* NSBundle+TechD.m in Sources */ = {isa = PBXBuildFile; fileRef = 2A187CCF1AECF23F00B457FD /* NSBundle+TechD.m */; };
		2A187CEA1AECF24000B457FD /* NSDate+TechD.m in Sources */ = {isa = PBXBuildFile; fileRef = 2A187CD11AECF23F00B457FD /* NSDate+TechD.m */; };
		2A187CEB1AECF24000B457FD /* NSDate+TechD.m in Sources */ = {isa = PBXBuildFile; fileRef = 2A187CD11AECF23F00B457FD /* NSDate+TechD.m */; };
		2A187CEC1AECF24000B457FD /* NSJSONSerialization+TechD.m in Sources */ = {isa = PBXBuildFile; fileRef = 2A187CD31AECF23F00B457FD /* NSJSONSerialization+TechD.m */; };
		2A187CED1AECF24000B457FD /* NSJSONSerialization+TechD.m in Sources */ = {isa = PBXBuildFile; fileRef = 2A187CD31AECF23F00B457FD /* NSJSONSerialization+TechD.m */; };
		2A187CEE1AECF24000B457FD /* NSString+TechD.m in Sources */ = {isa = PBXBuildFile; fileRef = 2A187CD51AECF23F00B457FD /* NSString+TechD.m */; };
		2A187CEF1AECF24000B457FD /* NSString+TechD.m in Sources */ = {isa = PBXBuildFile; fileRef = 2A187CD51AECF23F00B457FD /* NSString+TechD.m */; };
		2A187CF41AECF24000B457FD /* ioapi.c in Sources */ = {isa = PBXBuildFile; fileRef = 2A187CDD1AECF23F00B457FD /* ioapi.c */; };
		2A187CF51AECF24000B457FD /* ioapi.c in Sources */ = {isa = PBXBuildFile; fileRef = 2A187CDD1AECF23F00B457FD /* ioapi.c */; };
		2A187CF61AECF24000B457FD /* mztools.c in Sources */ = {isa = PBXBuildFile; fileRef = 2A187CDF1AECF23F00B457FD /* mztools.c */; };
		2A187CF71AECF24000B457FD /* mztools.c in Sources */ = {isa = PBXBuildFile; fileRef = 2A187CDF1AECF23F00B457FD /* mztools.c */; };
		2A187CF81AECF24000B457FD /* unzip.c in Sources */ = {isa = PBXBuildFile; fileRef = 2A187CE11AECF23F00B457FD /* unzip.c */; };
		2A187CF91AECF24000B457FD /* unzip.c in Sources */ = {isa = PBXBuildFile; fileRef = 2A187CE11AECF23F00B457FD /* unzip.c */; };
		2A187CFA1AECF24000B457FD /* zip.c in Sources */ = {isa = PBXBuildFile; fileRef = 2A187CE31AECF23F00B457FD /* zip.c */; };
		2A187CFB1AECF24000B457FD /* zip.c in Sources */ = {isa = PBXBuildFile; fileRef = 2A187CE31AECF23F00B457FD /* zip.c */; };
		2A187CFE1AECF24000B457FD /* ZipArchive.m in Sources */ = {isa = PBXBuildFile; fileRef = 2A187CE71AECF23F00B457FD /* ZipArchive.m */; };
		2A187CFF1AECF24000B457FD /* ZipArchive.m in Sources */ = {isa = PBXBuildFile; fileRef = 2A187CE71AECF23F00B457FD /* ZipArchive.m */; };
		2A187D011AECF29900B457FD /* libz.dylib in Frameworks */ = {isa = PBXBuildFile; fileRef = 2A187D001AECF29900B457FD /* libz.dylib */; };
		2AC9DD591AEBB1950012B4FA /* TDResourceManager.h in CopyFiles */ = {isa = PBXBuildFile; fileRef = 2AC9DD581AEBB1950012B4FA /* TDResourceManager.h */; };
		2AC9DD5B1AEBB1950012B4FA /* TDResourceManager.m in Sources */ = {isa = PBXBuildFile; fileRef = 2AC9DD5A1AEBB1950012B4FA /* TDResourceManager.m */; };
		2AC9DD611AEBB1950012B4FA /* libTDResourceManager.a in Frameworks */ = {isa = PBXBuildFile; fileRef = 2AC9DD551AEBB1950012B4FA /* libTDResourceManager.a */; };
		2AC9DD781AEBB2710012B4FA /* main.m in Sources */ = {isa = PBXBuildFile; fileRef = 2AC9DD771AEBB2710012B4FA /* main.m */; };
		2AC9DD7B1AEBB2710012B4FA /* AppDelegate.m in Sources */ = {isa = PBXBuildFile; fileRef = 2AC9DD7A1AEBB2710012B4FA /* AppDelegate.m */; };
		2AC9DD7E1AEBB2710012B4FA /* ViewController.m in Sources */ = {isa = PBXBuildFile; fileRef = 2AC9DD7D1AEBB2710012B4FA /* ViewController.m */; };
		2AC9DD921AEBB2710012B4FA /* DemoResourceManagerTests.m in Sources */ = {isa = PBXBuildFile; fileRef = 2AC9DD911AEBB2710012B4FA /* DemoResourceManagerTests.m */; };
/* End PBXBuildFile section */

/* Begin PBXContainerItemProxy section */
		2AC9DD621AEBB1950012B4FA /* PBXContainerItemProxy */ = {
			isa = PBXContainerItemProxy;
			containerPortal = 2AC9DD4D1AEBB1950012B4FA /* Project object */;
			proxyType = 1;
			remoteGlobalIDString = 2AC9DD541AEBB1950012B4FA;
			remoteInfo = TDResourceManager;
		};
		2AC9DD8C1AEBB2710012B4FA /* PBXContainerItemProxy */ = {
			isa = PBXContainerItemProxy;
			containerPortal = 2AC9DD4D1AEBB1950012B4FA /* Project object */;
			proxyType = 1;
			remoteGlobalIDString = 2AC9DD721AEBB2710012B4FA;
			remoteInfo = DemoResourceManager;
		};
/* End PBXContainerItemProxy section */

/* Begin PBXCopyFilesBuildPhase section */
		2AC9DD531AEBB1950012B4FA /* CopyFiles */ = {
			isa = PBXCopyFilesBuildPhase;
			buildActionMask = 2147483647;
			dstPath = "include/$(PRODUCT_NAME)";
			dstSubfolderSpec = 16;
			files = (
				2AC9DD591AEBB1950012B4FA /* TDResourceManager.h in CopyFiles */,
			);
			runOnlyForDeploymentPostprocessing = 0;
		};
/* End PBXCopyFilesBuildPhase section */

/* Begin PBXFileReference section */
		2A187CCD1AECF23F00B457FD /* Foundation+TechD.h */ = {isa = PBXFileReference; fileEncoding = 4; lastKnownFileType = sourcecode.c.h; path = "Foundation+TechD.h"; sourceTree = "<group>"; };
		2A187CCE1AECF23F00B457FD /* NSBundle+TechD.h */ = {isa = PBXFileReference; fileEncoding = 4; lastKnownFileType = sourcecode.c.h; path = "NSBundle+TechD.h"; sourceTree = "<group>"; };
		2A187CCF1AECF23F00B457FD /* NSBundle+TechD.m */ = {isa = PBXFileReference; fileEncoding = 4; lastKnownFileType = sourcecode.c.objc; path = "NSBundle+TechD.m"; sourceTree = "<group>"; };
		2A187CD01AECF23F00B457FD /* NSDate+TechD.h */ = {isa = PBXFileReference; fileEncoding = 4; lastKnownFileType = sourcecode.c.h; path = "NSDate+TechD.h"; sourceTree = "<group>"; };
		2A187CD11AECF23F00B457FD /* NSDate+TechD.m */ = {isa = PBXFileReference; fileEncoding = 4; lastKnownFileType = sourcecode.c.objc; path = "NSDate+TechD.m"; sourceTree = "<group>"; };
		2A187CD21AECF23F00B457FD /* NSJSONSerialization+TechD.h */ = {isa = PBXFileReference; fileEncoding = 4; lastKnownFileType = sourcecode.c.h; path = "NSJSONSerialization+TechD.h"; sourceTree = "<group>"; };
		2A187CD31AECF23F00B457FD /* NSJSONSerialization+TechD.m */ = {isa = PBXFileReference; fileEncoding = 4; lastKnownFileType = sourcecode.c.objc; path = "NSJSONSerialization+TechD.m"; sourceTree = "<group>"; };
		2A187CD41AECF23F00B457FD /* NSString+TechD.h */ = {isa = PBXFileReference; fileEncoding = 4; lastKnownFileType = sourcecode.c.h; path = "NSString+TechD.h"; sourceTree = "<group>"; };
		2A187CD51AECF23F00B457FD /* NSString+TechD.m */ = {isa = PBXFileReference; fileEncoding = 4; lastKnownFileType = sourcecode.c.objc; path = "NSString+TechD.m"; sourceTree = "<group>"; };
		2A187CD61AECF23F00B457FD /* LICENSE */ = {isa = PBXFileReference; fileEncoding = 4; lastKnownFileType = text; path = LICENSE; sourceTree = "<group>"; };
		2A187CD71AECF23F00B457FD /* README.md */ = {isa = PBXFileReference; fileEncoding = 4; lastKnownFileType = net.daringfireball.markdown; path = README.md; sourceTree = "<group>"; };
		2A187CD91AECF23F00B457FD /* ARCMacros.h */ = {isa = PBXFileReference; fileEncoding = 4; lastKnownFileType = sourcecode.c.h; path = ARCMacros.h; sourceTree = "<group>"; };
		2A187CDA1AECF23F00B457FD /* LICENSE */ = {isa = PBXFileReference; fileEncoding = 4; lastKnownFileType = text; path = LICENSE; sourceTree = "<group>"; };
		2A187CDC1AECF23F00B457FD /* crypt.h */ = {isa = PBXFileReference; fileEncoding = 4; lastKnownFileType = sourcecode.c.h; path = crypt.h; sourceTree = "<group>"; };
		2A187CDD1AECF23F00B457FD /* ioapi.c */ = {isa = PBXFileReference; fileEncoding = 4; lastKnownFileType = sourcecode.c.c; path = ioapi.c; sourceTree = "<group>"; };
		2A187CDE1AECF23F00B457FD /* ioapi.h */ = {isa = PBXFileReference; fileEncoding = 4; lastKnownFileType = sourcecode.c.h; path = ioapi.h; sourceTree = "<group>"; };
		2A187CDF1AECF23F00B457FD /* mztools.c */ = {isa = PBXFileReference; fileEncoding = 4; lastKnownFileType = sourcecode.c.c; path = mztools.c; sourceTree = "<group>"; };
		2A187CE01AECF23F00B457FD /* mztools.h */ = {isa = PBXFileReference; fileEncoding = 4; lastKnownFileType = sourcecode.c.h; path = mztools.h; sourceTree = "<group>"; };
		2A187CE11AECF23F00B457FD /* unzip.c */ = {isa = PBXFileReference; fileEncoding = 4; lastKnownFileType = sourcecode.c.c; path = unzip.c; sourceTree = "<group>"; };
		2A187CE21AECF23F00B457FD /* unzip.h */ = {isa = PBXFileReference; fileEncoding = 4; lastKnownFileType = sourcecode.c.h; path = unzip.h; sourceTree = "<group>"; };
		2A187CE31AECF23F00B457FD /* zip.c */ = {isa = PBXFileReference; fileEncoding = 4; lastKnownFileType = sourcecode.c.c; path = zip.c; sourceTree = "<group>"; };
		2A187CE41AECF23F00B457FD /* zip.h */ = {isa = PBXFileReference; fileEncoding = 4; lastKnownFileType = sourcecode.c.h; path = zip.h; sourceTree = "<group>"; };
		2A187CE51AECF23F00B457FD /* README.md */ = {isa = PBXFileReference; fileEncoding = 4; lastKnownFileType = net.daringfireball.markdown; path = README.md; sourceTree = "<group>"; };
		2A187CE61AECF23F00B457FD /* ZipArchive.h */ = {isa = PBXFileReference; fileEncoding = 4; lastKnownFileType = sourcecode.c.h; path = ZipArchive.h; sourceTree = "<group>"; };
		2A187CE71AECF23F00B457FD /* ZipArchive.m */ = {isa = PBXFileReference; fileEncoding = 4; lastKnownFileType = sourcecode.c.objc; path = ZipArchive.m; sourceTree = "<group>"; };
		2A187D001AECF29900B457FD /* libz.dylib */ = {isa = PBXFileReference; lastKnownFileType = "compiled.mach-o.dylib"; name = libz.dylib; path = usr/lib/libz.dylib; sourceTree = SDKROOT; };
		2AC9DD551AEBB1950012B4FA /* libTDResourceManager.a */ = {isa = PBXFileReference; explicitFileType = archive.ar; includeInIndex = 0; path = libTDResourceManager.a; sourceTree = BUILT_PRODUCTS_DIR; };
		2AC9DD581AEBB1950012B4FA /* TDResourceManager.h */ = {isa = PBXFileReference; lastKnownFileType = sourcecode.c.h; path = TDResourceManager.h; sourceTree = "<group>"; };
		2AC9DD5A1AEBB1950012B4FA /* TDResourceManager.m */ = {isa = PBXFileReference; lastKnownFileType = sourcecode.c.objc; path = TDResourceManager.m; sourceTree = "<group>"; };
		2AC9DD601AEBB1950012B4FA /* TDResourceManagerTests.xctest */ = {isa = PBXFileReference; explicitFileType = wrapper.cfbundle; includeInIndex = 0; path = TDResourceManagerTests.xctest; sourceTree = BUILT_PRODUCTS_DIR; };
		2AC9DD661AEBB1950012B4FA /* Info.plist */ = {isa = PBXFileReference; lastKnownFileType = text.plist.xml; path = Info.plist; sourceTree = "<group>"; };
		2AC9DD731AEBB2710012B4FA /* DemoResourceManager.app */ = {isa = PBXFileReference; explicitFileType = wrapper.application; includeInIndex = 0; path = DemoResourceManager.app; sourceTree = BUILT_PRODUCTS_DIR; };
		2AC9DD761AEBB2710012B4FA /* Info.plist */ = {isa = PBXFileReference; lastKnownFileType = text.plist.xml; path = Info.plist; sourceTree = "<group>"; };
		2AC9DD771AEBB2710012B4FA /* main.m */ = {isa = PBXFileReference; lastKnownFileType = sourcecode.c.objc; path = main.m; sourceTree = "<group>"; };
		2AC9DD791AEBB2710012B4FA /* AppDelegate.h */ = {isa = PBXFileReference; lastKnownFileType = sourcecode.c.h; path = AppDelegate.h; sourceTree = "<group>"; };
		2AC9DD7A1AEBB2710012B4FA /* AppDelegate.m */ = {isa = PBXFileReference; lastKnownFileType = sourcecode.c.objc; path = AppDelegate.m; sourceTree = "<group>"; };
		2AC9DD7C1AEBB2710012B4FA /* ViewController.h */ = {isa = PBXFileReference; lastKnownFileType = sourcecode.c.h; path = ViewController.h; sourceTree = "<group>"; };
		2AC9DD7D1AEBB2710012B4FA /* ViewController.m */ = {isa = PBXFileReference; lastKnownFileType = sourcecode.c.objc; path = ViewController.m; sourceTree = "<group>"; };
		2AC9DD8B1AEBB2710012B4FA /* DemoResourceManagerTests.xctest */ = {isa = PBXFileReference; explicitFileType = wrapper.cfbundle; includeInIndex = 0; path = DemoResourceManagerTests.xctest; sourceTree = BUILT_PRODUCTS_DIR; };
		2AC9DD901AEBB2710012B4FA /* Info.plist */ = {isa = PBXFileReference; lastKnownFileType = text.plist.xml; path = Info.plist; sourceTree = "<group>"; };
		2AC9DD911AEBB2710012B4FA /* DemoResourceManagerTests.m */ = {isa = PBXFileReference; lastKnownFileType = sourcecode.c.objc; path = DemoResourceManagerTests.m; sourceTree = "<group>"; };
/* End PBXFileReference section */

/* Begin PBXFrameworksBuildPhase section */
		2AC9DD521AEBB1950012B4FA /* Frameworks */ = {
			isa = PBXFrameworksBuildPhase;
			buildActionMask = 2147483647;
			files = (
			);
			runOnlyForDeploymentPostprocessing = 0;
		};
		2AC9DD5D1AEBB1950012B4FA /* Frameworks */ = {
			isa = PBXFrameworksBuildPhase;
			buildActionMask = 2147483647;
			files = (
				2AC9DD611AEBB1950012B4FA /* libTDResourceManager.a in Frameworks */,
			);
			runOnlyForDeploymentPostprocessing = 0;
		};
		2AC9DD701AEBB2710012B4FA /* Frameworks */ = {
			isa = PBXFrameworksBuildPhase;
			buildActionMask = 2147483647;
			files = (
				2A187D011AECF29900B457FD /* libz.dylib in Frameworks */,
			);
			runOnlyForDeploymentPostprocessing = 0;
		};
		2AC9DD881AEBB2710012B4FA /* Frameworks */ = {
			isa = PBXFrameworksBuildPhase;
			buildActionMask = 2147483647;
			files = (
			);
			runOnlyForDeploymentPostprocessing = 0;
		};
/* End PBXFrameworksBuildPhase section */

/* Begin PBXGroup section */
		2A187CCA1AECF1E600B457FD /* Libraries */ = {
			isa = PBXGroup;
			children = (
				2A187CCB1AECF23F00B457FD /* Foundation+TechD */,
				2A187CD81AECF23F00B457FD /* ZipArchive */,
			);
			name = Libraries;
			sourceTree = "<group>";
		};
		2A187CCB1AECF23F00B457FD /* Foundation+TechD */ = {
			isa = PBXGroup;
			children = (
				2A187CCC1AECF23F00B457FD /* Foundation+TechD */,
				2A187CD61AECF23F00B457FD /* LICENSE */,
				2A187CD71AECF23F00B457FD /* README.md */,
			);
			name = "Foundation+TechD";
			path = "Libraries/Foundation+TechD";
			sourceTree = "<group>";
		};
		2A187CCC1AECF23F00B457FD /* Foundation+TechD */ = {
			isa = PBXGroup;
			children = (
				2A187CCD1AECF23F00B457FD /* Foundation+TechD.h */,
				2A187CD01AECF23F00B457FD /* NSDate+TechD.h */,
				2A187CD11AECF23F00B457FD /* NSDate+TechD.m */,
				2A187CCE1AECF23F00B457FD /* NSBundle+TechD.h */,
				2A187CCF1AECF23F00B457FD /* NSBundle+TechD.m */,
				2A187CD41AECF23F00B457FD /* NSString+TechD.h */,
				2A187CD51AECF23F00B457FD /* NSString+TechD.m */,
				2A187CD21AECF23F00B457FD /* NSJSONSerialization+TechD.h */,
				2A187CD31AECF23F00B457FD /* NSJSONSerialization+TechD.m */,
			);
			path = "Foundation+TechD";
			sourceTree = "<group>";
		};
		2A187CD81AECF23F00B457FD /* ZipArchive */ = {
			isa = PBXGroup;
			children = (
				2A187D001AECF29900B457FD /* libz.dylib */,
				2A187CDB1AECF23F00B457FD /* minizip */,
				2A187CD91AECF23F00B457FD /* ARCMacros.h */,
				2A187CDA1AECF23F00B457FD /* LICENSE */,
				2A187CE51AECF23F00B457FD /* README.md */,
				2A187CE61AECF23F00B457FD /* ZipArchive.h */,
				2A187CE71AECF23F00B457FD /* ZipArchive.m */,
			);
			name = ZipArchive;
			path = Libraries/ZipArchive;
			sourceTree = "<group>";
		};
		2A187CDB1AECF23F00B457FD /* minizip */ = {
			isa = PBXGroup;
			children = (
				2A187CDC1AECF23F00B457FD /* crypt.h */,
				2A187CDD1AECF23F00B457FD /* ioapi.c */,
				2A187CDE1AECF23F00B457FD /* ioapi.h */,
				2A187CDF1AECF23F00B457FD /* mztools.c */,
				2A187CE01AECF23F00B457FD /* mztools.h */,
				2A187CE11AECF23F00B457FD /* unzip.c */,
				2A187CE21AECF23F00B457FD /* unzip.h */,
				2A187CE31AECF23F00B457FD /* zip.c */,
				2A187CE41AECF23F00B457FD /* zip.h */,
			);
			path = minizip;
			sourceTree = "<group>";
		};
		2AC9DD4C1AEBB1950012B4FA = {
			isa = PBXGroup;
			children = (
				2AC9DD571AEBB1950012B4FA /* TDResourceManager */,
				2AC9DD641AEBB1950012B4FA /* TDResourceManagerTests */,
				2AC9DD741AEBB2710012B4FA /* DemoResourceManager */,
				2AC9DD8E1AEBB2710012B4FA /* DemoResourceManagerTests */,
				2A187CCA1AECF1E600B457FD /* Libraries */,
				2AC9DD561AEBB1950012B4FA /* Products */,
			);
			sourceTree = "<group>";
		};
		2AC9DD561AEBB1950012B4FA /* Products */ = {
			isa = PBXGroup;
			children = (
				2AC9DD551AEBB1950012B4FA /* libTDResourceManager.a */,
				2AC9DD601AEBB1950012B4FA /* TDResourceManagerTests.xctest */,
				2AC9DD731AEBB2710012B4FA /* DemoResourceManager.app */,
				2AC9DD8B1AEBB2710012B4FA /* DemoResourceManagerTests.xctest */,
			);
			name = Products;
			sourceTree = "<group>";
		};
		2AC9DD571AEBB1950012B4FA /* TDResourceManager */ = {
			isa = PBXGroup;
			children = (
				2AC9DD581AEBB1950012B4FA /* TDResourceManager.h */,
				2AC9DD5A1AEBB1950012B4FA /* TDResourceManager.m */,
			);
			path = TDResourceManager;
			sourceTree = "<group>";
		};
		2AC9DD641AEBB1950012B4FA /* TDResourceManagerTests */ = {
			isa = PBXGroup;
			children = (
				2AC9DD651AEBB1950012B4FA /* Supporting Files */,
			);
			path = TDResourceManagerTests;
			sourceTree = "<group>";
		};
		2AC9DD651AEBB1950012B4FA /* Supporting Files */ = {
			isa = PBXGroup;
			children = (
				2AC9DD661AEBB1950012B4FA /* Info.plist */,
			);
			name = "Supporting Files";
			sourceTree = "<group>";
		};
		2AC9DD741AEBB2710012B4FA /* DemoResourceManager */ = {
			isa = PBXGroup;
			children = (
				2AC9DD791AEBB2710012B4FA /* AppDelegate.h */,
				2AC9DD7A1AEBB2710012B4FA /* AppDelegate.m */,
				2AC9DD7C1AEBB2710012B4FA /* ViewController.h */,
				2AC9DD7D1AEBB2710012B4FA /* ViewController.m */,
				2AC9DD751AEBB2710012B4FA /* Supporting Files */,
			);
			path = DemoResourceManager;
			sourceTree = "<group>";
		};
		2AC9DD751AEBB2710012B4FA /* Supporting Files */ = {
			isa = PBXGroup;
			children = (
				2AC9DD761AEBB2710012B4FA /* Info.plist */,
				2AC9DD771AEBB2710012B4FA /* main.m */,
			);
			name = "Supporting Files";
			sourceTree = "<group>";
		};
		2AC9DD8E1AEBB2710012B4FA /* DemoResourceManagerTests */ = {
			isa = PBXGroup;
			children = (
				2AC9DD911AEBB2710012B4FA /* DemoResourceManagerTests.m */,
				2AC9DD8F1AEBB2710012B4FA /* Supporting Files */,
			);
			path = DemoResourceManagerTests;
			sourceTree = "<group>";
		};
		2AC9DD8F1AEBB2710012B4FA /* Supporting Files */ = {
			isa = PBXGroup;
			children = (
				2AC9DD901AEBB2710012B4FA /* Info.plist */,
			);
			name = "Supporting Files";
			sourceTree = "<group>";
		};
/* End PBXGroup section */

/* Begin PBXNativeTarget section */
		2AC9DD541AEBB1950012B4FA /* TDResourceManager */ = {
			isa = PBXNativeTarget;
			buildConfigurationList = 2AC9DD691AEBB1950012B4FA /* Build configuration list for PBXNativeTarget "TDResourceManager" */;
			buildPhases = (
				2AC9DD511AEBB1950012B4FA /* Sources */,
				2AC9DD521AEBB1950012B4FA /* Frameworks */,
				2AC9DD531AEBB1950012B4FA /* CopyFiles */,
			);
			buildRules = (
			);
			dependencies = (
			);
			name = TDResourceManager;
			productName = TDResourceManager;
			productReference = 2AC9DD551AEBB1950012B4FA /* libTDResourceManager.a */;
			productType = "com.apple.product-type.library.static";
		};
		2AC9DD5F1AEBB1950012B4FA /* TDResourceManagerTests */ = {
			isa = PBXNativeTarget;
			buildConfigurationList = 2AC9DD6C1AEBB1950012B4FA /* Build configuration list for PBXNativeTarget "TDResourceManagerTests" */;
			buildPhases = (
				2AC9DD5C1AEBB1950012B4FA /* Sources */,
				2AC9DD5D1AEBB1950012B4FA /* Frameworks */,
				2AC9DD5E1AEBB1950012B4FA /* Resources */,
			);
			buildRules = (
			);
			dependencies = (
				2AC9DD631AEBB1950012B4FA /* PBXTargetDependency */,
			);
			name = TDResourceManagerTests;
			productName = TDResourceManagerTests;
			productReference = 2AC9DD601AEBB1950012B4FA /* TDResourceManagerTests.xctest */;
			productType = "com.apple.product-type.bundle.unit-test";
		};
		2AC9DD721AEBB2710012B4FA /* DemoResourceManager */ = {
			isa = PBXNativeTarget;
			buildConfigurationList = 2AC9DD931AEBB2710012B4FA /* Build configuration list for PBXNativeTarget "DemoResourceManager" */;
			buildPhases = (
				2AC9DD6F1AEBB2710012B4FA /* Sources */,
				2AC9DD701AEBB2710012B4FA /* Frameworks */,
				2AC9DD711AEBB2710012B4FA /* Resources */,
			);
			buildRules = (
			);
			dependencies = (
			);
			name = DemoResourceManager;
			productName = DemoResourceManager;
			productReference = 2AC9DD731AEBB2710012B4FA /* DemoResourceManager.app */;
			productType = "com.apple.product-type.application";
		};
		2AC9DD8A1AEBB2710012B4FA /* DemoResourceManagerTests */ = {
			isa = PBXNativeTarget;
			buildConfigurationList = 2AC9DD961AEBB2710012B4FA /* Build configuration list for PBXNativeTarget "DemoResourceManagerTests" */;
			buildPhases = (
				2AC9DD871AEBB2710012B4FA /* Sources */,
				2AC9DD881AEBB2710012B4FA /* Frameworks */,
				2AC9DD891AEBB2710012B4FA /* Resources */,
			);
			buildRules = (
			);
			dependencies = (
				2AC9DD8D1AEBB2710012B4FA /* PBXTargetDependency */,
			);
			name = DemoResourceManagerTests;
			productName = DemoResourceManagerTests;
			productReference = 2AC9DD8B1AEBB2710012B4FA /* DemoResourceManagerTests.xctest */;
			productType = "com.apple.product-type.bundle.unit-test";
		};
/* End PBXNativeTarget section */

/* Begin PBXProject section */
		2AC9DD4D1AEBB1950012B4FA /* Project object */ = {
			isa = PBXProject;
			attributes = {
				LastUpgradeCheck = 0630;
				ORGANIZATIONNAME = TechD;
				TargetAttributes = {
					2AC9DD541AEBB1950012B4FA = {
						CreatedOnToolsVersion = 6.3.1;
					};
					2AC9DD5F1AEBB1950012B4FA = {
						CreatedOnToolsVersion = 6.3.1;
					};
					2AC9DD721AEBB2710012B4FA = {
						CreatedOnToolsVersion = 6.3.1;
					};
					2AC9DD8A1AEBB2710012B4FA = {
						CreatedOnToolsVersion = 6.3.1;
						TestTargetID = 2AC9DD721AEBB2710012B4FA;
					};
				};
			};
			buildConfigurationList = 2AC9DD501AEBB1950012B4FA /* Build configuration list for PBXProject "TDResourceManager" */;
			compatibilityVersion = "Xcode 3.2";
			developmentRegion = English;
			hasScannedForEncodings = 0;
			knownRegions = (
				en,
				Base,
			);
			mainGroup = 2AC9DD4C1AEBB1950012B4FA;
			productRefGroup = 2AC9DD561AEBB1950012B4FA /* Products */;
			projectDirPath = "";
			projectRoot = "";
			targets = (
				2AC9DD541AEBB1950012B4FA /* TDResourceManager */,
				2AC9DD5F1AEBB1950012B4FA /* TDResourceManagerTests */,
				2AC9DD721AEBB2710012B4FA /* DemoResourceManager */,
				2AC9DD8A1AEBB2710012B4FA /* DemoResourceManagerTests */,
			);
		};
/* End PBXProject section */

/* Begin PBXResourcesBuildPhase section */
		2AC9DD5E1AEBB1950012B4FA /* Resources */ = {
			isa = PBXResourcesBuildPhase;
			buildActionMask = 2147483647;
			files = (
			);
			runOnlyForDeploymentPostprocessing = 0;
		};
		2AC9DD711AEBB2710012B4FA /* Resources */ = {
			isa = PBXResourcesBuildPhase;
			buildActionMask = 2147483647;
			files = (
			);
			runOnlyForDeploymentPostprocessing = 0;
		};
		2AC9DD891AEBB2710012B4FA /* Resources */ = {
			isa = PBXResourcesBuildPhase;
			buildActionMask = 2147483647;
			files = (
			);
			runOnlyForDeploymentPostprocessing = 0;
		};
/* End PBXResourcesBuildPhase section */

/* Begin PBXSourcesBuildPhase section */
		2AC9DD511AEBB1950012B4FA /* Sources */ = {
			isa = PBXSourcesBuildPhase;
			buildActionMask = 2147483647;
			files = (
				2A187CF81AECF24000B457FD /* unzip.c in Sources */,
				2AC9DD5B1AEBB1950012B4FA /* TDResourceManager.m in Sources */,
				2A187CFA1AECF24000B457FD /* zip.c in Sources */,
				2A187CFE1AECF24000B457FD /* ZipArchive.m in Sources */,
				2A187CF61AECF24000B457FD /* mztools.c in Sources */,
				2A187CE81AECF24000B457FD /* NSBundle+TechD.m in Sources */,
				2A187CEE1AECF24000B457FD /* NSString+TechD.m in Sources */,
				2A187CEC1AECF24000B457FD /* NSJSONSerialization+TechD.m in Sources */,
				2A187CEA1AECF24000B457FD /* NSDate+TechD.m in Sources */,
				2A187CF41AECF24000B457FD /* ioapi.c in Sources */,
			);
			runOnlyForDeploymentPostprocessing = 0;
		};
		2AC9DD5C1AEBB1950012B4FA /* Sources */ = {
			isa = PBXSourcesBuildPhase;
			buildActionMask = 2147483647;
			files = (
			);
			runOnlyForDeploymentPostprocessing = 0;
		};
		2AC9DD6F1AEBB2710012B4FA /* Sources */ = {
			isa = PBXSourcesBuildPhase;
			buildActionMask = 2147483647;
			files = (
				2A187CED1AECF24000B457FD /* NSJSONSerialization+TechD.m in Sources */,
				2A187CF91AECF24000B457FD /* unzip.c in Sources */,
				2AC9DD7E1AEBB2710012B4FA /* ViewController.m in Sources */,
				2A187CE91AECF24000B457FD /* NSBundle+TechD.m in Sources */,
				2AC9DD7B1AEBB2710012B4FA /* AppDelegate.m in Sources */,
				2A187CF71AECF24000B457FD /* mztools.c in Sources */,
				2AC9DD781AEBB2710012B4FA /* main.m in Sources */,
				2A187CEB1AECF24000B457FD /* NSDate+TechD.m in Sources */,
				2A187CF51AECF24000B457FD /* ioapi.c in Sources */,
				2A187CFF1AECF24000B457FD /* ZipArchive.m in Sources */,
				2A187CFB1AECF24000B457FD /* zip.c in Sources */,
				2A187CEF1AECF24000B457FD /* NSString+TechD.m in Sources */,
			);
			runOnlyForDeploymentPostprocessing = 0;
		};
		2AC9DD871AEBB2710012B4FA /* Sources */ = {
			isa = PBXSourcesBuildPhase;
			buildActionMask = 2147483647;
			files = (
				2AC9DD921AEBB2710012B4FA /* DemoResourceManagerTests.m in Sources */,
			);
			runOnlyForDeploymentPostprocessing = 0;
		};
/* End PBXSourcesBuildPhase section */

/* Begin PBXTargetDependency section */
		2AC9DD631AEBB1950012B4FA /* PBXTargetDependency */ = {
			isa = PBXTargetDependency;
			target = 2AC9DD541AEBB1950012B4FA /* TDResourceManager */;
			targetProxy = 2AC9DD621AEBB1950012B4FA /* PBXContainerItemProxy */;
		};
		2AC9DD8D1AEBB2710012B4FA /* PBXTargetDependency */ = {
			isa = PBXTargetDependency;
			target = 2AC9DD721AEBB2710012B4FA /* DemoResourceManager */;
			targetProxy = 2AC9DD8C1AEBB2710012B4FA /* PBXContainerItemProxy */;
		};
/* End PBXTargetDependency section */

/* Begin XCBuildConfiguration section */
		2AC9DD671AEBB1950012B4FA /* Debug */ = {
			isa = XCBuildConfiguration;
			buildSettings = {
				ALWAYS_SEARCH_USER_PATHS = NO;
				CLANG_CXX_LANGUAGE_STANDARD = "gnu++0x";
				CLANG_CXX_LIBRARY = "libc++";
				CLANG_ENABLE_MODULES = YES;
				CLANG_ENABLE_OBJC_ARC = YES;
				CLANG_WARN_BOOL_CONVERSION = YES;
				CLANG_WARN_CONSTANT_CONVERSION = YES;
				CLANG_WARN_DIRECT_OBJC_ISA_USAGE = YES_ERROR;
				CLANG_WARN_EMPTY_BODY = YES;
				CLANG_WARN_ENUM_CONVERSION = YES;
				CLANG_WARN_INT_CONVERSION = YES;
				CLANG_WARN_OBJC_ROOT_CLASS = YES_ERROR;
				CLANG_WARN_UNREACHABLE_CODE = YES;
				CLANG_WARN__DUPLICATE_METHOD_MATCH = YES;
				COPY_PHASE_STRIP = NO;
				DEBUG_INFORMATION_FORMAT = "dwarf-with-dsym";
				ENABLE_STRICT_OBJC_MSGSEND = YES;
				GCC_C_LANGUAGE_STANDARD = gnu99;
				GCC_DYNAMIC_NO_PIC = NO;
				GCC_NO_COMMON_BLOCKS = YES;
				GCC_OPTIMIZATION_LEVEL = 0;
				GCC_PREPROCESSOR_DEFINITIONS = (
					"DEBUG=1",
					"$(inherited)",
				);
				GCC_SYMBOLS_PRIVATE_EXTERN = NO;
				GCC_WARN_64_TO_32_BIT_CONVERSION = YES;
				GCC_WARN_ABOUT_RETURN_TYPE = YES_ERROR;
				GCC_WARN_UNDECLARED_SELECTOR = YES;
				GCC_WARN_UNINITIALIZED_AUTOS = YES_AGGRESSIVE;
				GCC_WARN_UNUSED_FUNCTION = YES;
				GCC_WARN_UNUSED_VARIABLE = YES;
				IPHONEOS_DEPLOYMENT_TARGET = 8.0;
				MTL_ENABLE_DEBUG_INFO = YES;
				ONLY_ACTIVE_ARCH = YES;
				SDKROOT = iphoneos;
			};
			name = Debug;
		};
		2AC9DD681AEBB1950012B4FA /* Release */ = {
			isa = XCBuildConfiguration;
			buildSettings = {
				ALWAYS_SEARCH_USER_PATHS = NO;
				CLANG_CXX_LANGUAGE_STANDARD = "gnu++0x";
				CLANG_CXX_LIBRARY = "libc++";
				CLANG_ENABLE_MODULES = YES;
				CLANG_ENABLE_OBJC_ARC = YES;
				CLANG_WARN_BOOL_CONVERSION = YES;
				CLANG_WARN_CONSTANT_CONVERSION = YES;
				CLANG_WARN_DIRECT_OBJC_ISA_USAGE = YES_ERROR;
				CLANG_WARN_EMPTY_BODY = YES;
				CLANG_WARN_ENUM_CONVERSION = YES;
				CLANG_WARN_INT_CONVERSION = YES;
				CLANG_WARN_OBJC_ROOT_CLASS = YES_ERROR;
				CLANG_WARN_UNREACHABLE_CODE = YES;
				CLANG_WARN__DUPLICATE_METHOD_MATCH = YES;
				COPY_PHASE_STRIP = NO;
				DEBUG_INFORMATION_FORMAT = "dwarf-with-dsym";
				ENABLE_NS_ASSERTIONS = NO;
				ENABLE_STRICT_OBJC_MSGSEND = YES;
				GCC_C_LANGUAGE_STANDARD = gnu99;
				GCC_NO_COMMON_BLOCKS = YES;
				GCC_WARN_64_TO_32_BIT_CONVERSION = YES;
				GCC_WARN_ABOUT_RETURN_TYPE = YES_ERROR;
				GCC_WARN_UNDECLARED_SELECTOR = YES;
				GCC_WARN_UNINITIALIZED_AUTOS = YES_AGGRESSIVE;
				GCC_WARN_UNUSED_FUNCTION = YES;
				GCC_WARN_UNUSED_VARIABLE = YES;
				IPHONEOS_DEPLOYMENT_TARGET = 8.0;
				MTL_ENABLE_DEBUG_INFO = NO;
				SDKROOT = iphoneos;
				VALIDATE_PRODUCT = YES;
			};
			name = Release;
		};
		2AC9DD6A1AEBB1950012B4FA /* Debug */ = {
			isa = XCBuildConfiguration;
			buildSettings = {
				OTHER_LDFLAGS = "-ObjC";
				PRODUCT_NAME = "$(TARGET_NAME)";
				SKIP_INSTALL = YES;
			};
			name = Debug;
		};
		2AC9DD6B1AEBB1950012B4FA /* Release */ = {
			isa = XCBuildConfiguration;
			buildSettings = {
				OTHER_LDFLAGS = "-ObjC";
				PRODUCT_NAME = "$(TARGET_NAME)";
				SKIP_INSTALL = YES;
			};
			name = Release;
		};
		2AC9DD6D1AEBB1950012B4FA /* Debug */ = {
			isa = XCBuildConfiguration;
			buildSettings = {
				"CODE_SIGN_IDENTITY[sdk=iphoneos*]" = "iPhone Developer";
				FRAMEWORK_SEARCH_PATHS = (
					"$(SDKROOT)/Developer/Library/Frameworks",
					"$(inherited)",
				);
				GCC_PREPROCESSOR_DEFINITIONS = (
					"DEBUG=1",
					"$(inherited)",
				);
				INFOPLIST_FILE = TDResourceManagerTests/Info.plist;
				LD_RUNPATH_SEARCH_PATHS = "$(inherited) @executable_path/Frameworks @loader_path/Frameworks";
				PRODUCT_NAME = "$(TARGET_NAME)";
			};
			name = Debug;
		};
		2AC9DD6E1AEBB1950012B4FA /* Release */ = {
			isa = XCBuildConfiguration;
			buildSettings = {
				"CODE_SIGN_IDENTITY[sdk=iphoneos*]" = "iPhone Developer";
				FRAMEWORK_SEARCH_PATHS = (
					"$(SDKROOT)/Developer/Library/Frameworks",
					"$(inherited)",
				);
				INFOPLIST_FILE = TDResourceManagerTests/Info.plist;
				LD_RUNPATH_SEARCH_PATHS = "$(inherited) @executable_path/Frameworks @loader_path/Frameworks";
				PRODUCT_NAME = "$(TARGET_NAME)";
			};
			name = Release;
		};
		2AC9DD941AEBB2710012B4FA /* Debug */ = {
			isa = XCBuildConfiguration;
			buildSettings = {
				ASSETCATALOG_COMPILER_APPICON_NAME = AppIcon;
				"CODE_SIGN_IDENTITY[sdk=iphoneos*]" = "iPhone Developer";
				GCC_PREPROCESSOR_DEFINITIONS = (
					"DEBUG=1",
					"$(inherited)",
				);
				INFOPLIST_FILE = DemoResourceManager/Info.plist;
				IPHONEOS_DEPLOYMENT_TARGET = 8.0;
				LD_RUNPATH_SEARCH_PATHS = "$(inherited) @executable_path/Frameworks";
				PRODUCT_NAME = "$(TARGET_NAME)";
			};
			name = Debug;
		};
		2AC9DD951AEBB2710012B4FA /* Release */ = {
			isa = XCBuildConfiguration;
			buildSettings = {
				ASSETCATALOG_COMPILER_APPICON_NAME = AppIcon;
				"CODE_SIGN_IDENTITY[sdk=iphoneos*]" = "iPhone Developer";
				INFOPLIST_FILE = DemoResourceManager/Info.plist;
				IPHONEOS_DEPLOYMENT_TARGET = 8.0;
				LD_RUNPATH_SEARCH_PATHS = "$(inherited) @executable_path/Frameworks";
				PRODUCT_NAME = "$(TARGET_NAME)";
			};
			name = Release;
		};
		2AC9DD971AEBB2710012B4FA /* Debug */ = {
			isa = XCBuildConfiguration;
			buildSettings = {
				BUNDLE_LOADER = "$(TEST_HOST)";
				FRAMEWORK_SEARCH_PATHS = (
					"$(SDKROOT)/Developer/Library/Frameworks",
					"$(inherited)",
				);
				GCC_PREPROCESSOR_DEFINITIONS = (
					"DEBUG=1",
					"$(inherited)",
				);
				INFOPLIST_FILE = DemoResourceManagerTests/Info.plist;
				IPHONEOS_DEPLOYMENT_TARGET = 8.3;
				LD_RUNPATH_SEARCH_PATHS = "$(inherited) @executable_path/Frameworks @loader_path/Frameworks";
				PRODUCT_NAME = "$(TARGET_NAME)";
				TEST_HOST = "$(BUILT_PRODUCTS_DIR)/DemoResourceManager.app/DemoResourceManager";
			};
			name = Debug;
		};
		2AC9DD981AEBB2710012B4FA /* Release */ = {
			isa = XCBuildConfiguration;
			buildSettings = {
				BUNDLE_LOADER = "$(TEST_HOST)";
				FRAMEWORK_SEARCH_PATHS = (
					"$(SDKROOT)/Developer/Library/Frameworks",
					"$(inherited)",
				);
				INFOPLIST_FILE = DemoResourceManagerTests/Info.plist;
				IPHONEOS_DEPLOYMENT_TARGET = 8.3;
				LD_RUNPATH_SEARCH_PATHS = "$(inherited) @executable_path/Frameworks @loader_path/Frameworks";
				PRODUCT_NAME = "$(TARGET_NAME)";
				TEST_HOST = "$(BUILT_PRODUCTS_DIR)/DemoResourceManager.app/DemoResourceManager";
			};
			name = Release;
		};
/* End XCBuildConfiguration section */

/* Begin XCConfigurationList section */
		2AC9DD501AEBB1950012B4FA /* Build configuration list for PBXProject "TDResourceManager" */ = {
			isa = XCConfigurationList;
			buildConfigurations = (
				2AC9DD671AEBB1950012B4FA /* Debug */,
				2AC9DD681AEBB1950012B4FA /* Release */,
			);
			defaultConfigurationIsVisible = 0;
			defaultConfigurationName = Release;
		};
		2AC9DD691AEBB1950012B4FA /* Build configuration list for PBXNativeTarget "TDResourceManager" */ = {
			isa = XCConfigurationList;
			buildConfigurations = (
				2AC9DD6A1AEBB1950012B4FA /* Debug */,
				2AC9DD6B1AEBB1950012B4FA /* Release */,
			);
			defaultConfigurationIsVisible = 0;
			defaultConfigurationName = Release;
		};
		2AC9DD6C1AEBB1950012B4FA /* Build configuration list for PBXNativeTarget "TDResourceManagerTests" */ = {
			isa = XCConfigurationList;
			buildConfigurations = (
				2AC9DD6D1AEBB1950012B4FA /* Debug */,
				2AC9DD6E1AEBB1950012B4FA /* Release */,
			);
			defaultConfigurationIsVisible = 0;
			defaultConfigurationName = Release;
		};
		2AC9DD931AEBB2710012B4FA /* Build configuration list for PBXNativeTarget "DemoResourceManager" */ = {
			isa = XCConfigurationList;
			buildConfigurations = (
				2AC9DD941AEBB2710012B4FA /* Debug */,
				2AC9DD951AEBB2710012B4FA /* Release */,
			);
			defaultConfigurationIsVisible = 0;
			defaultConfigurationName = Release;
		};
		2AC9DD961AEBB2710012B4FA /* Build configuration list for PBXNativeTarget "DemoResourceManagerTests" */ = {
			isa = XCConfigurationList;
			buildConfigurations = (
				2AC9DD971AEBB2710012B4FA /* Debug */,
				2AC9DD981AEBB2710012B4FA /* Release */,
			);
			defaultConfigurationIsVisible = 0;
			defaultConfigurationName = Release;
		};
/* End XCConfigurationList section */
	};
	rootObject = 2AC9DD4D1AEBB1950012B4FA /* Project object */;
}
